# THIS IS AN AUTOGENERATED FILE. DO NOT EDIT THIS FILE DIRECTLY.
# yarn lockfile v1


"@microsoft/load-themed-styles@^1.7.13":
  version "1.10.2"
  resolved "https://registry.yarnpkg.com/@microsoft/load-themed-styles/-/load-themed-styles-1.10.2.tgz#448cbc82e2487ff874d4b232fae34afd8f7c9545"
  integrity sha512-L0VmSR79pv0gNOcuShpuR+Fa8SEcyYGUU8CqrgICJOapjfM7UnDgWl+vaIgjs86Xch/QkRHqhguunnOZ/KY4wQ==

"@uifabric/example-data@^7.0.1":
  version "7.0.1"
  resolved "https://registry.yarnpkg.com/@uifabric/example-data/-/example-data-7.0.1.tgz#8d5104ffbfa5c5b2589fa60f753932e536fd1003"
  integrity sha512-HWw2lAbF5Fn1NhmxxEpzgWrprEsQ7+Ut71zpAHdCJoVCVeesHl03gY/obBIz8ogrufW0RIlkrNSredy6uRzYDQ==
  dependencies:
    tslib "^1.7.1"

"@uifabric/foundation@^7.3.1":
  version "7.3.1"
  resolved "https://registry.yarnpkg.com/@uifabric/foundation/-/foundation-7.3.1.tgz#c4775c17ad83f37d41b807e127bb2e95b52e2d4c"
  integrity sha512-ItjIr5uKZ3fU8I1TNItt8VLfokedAq7t3XcP88V0sgOZRzmD+kzVmOeqeysOTyxdA/89//cnVK9MNoUpWiUlfA==
  dependencies:
    "@uifabric/set-version" "^7.0.2"
    "@uifabric/styling" "^7.6.2"
    "@uifabric/utilities" "^7.0.9"
    tslib "^1.7.1"

"@uifabric/icons@^7.2.0":
  version "7.2.0"
  resolved "https://registry.yarnpkg.com/@uifabric/icons/-/icons-7.2.0.tgz#998a4ff46c4b4db96edc8360c7ce4f577994a1c7"
  integrity sha512-CLhAhoEevbwJVaVigBfRBU0WWOjQzICEbov/fYYMBbAbjgVOpuAbSquvJHkZtlq79O1p0iCoxMeXQVVbtcnPZw==
  dependencies:
    "@uifabric/set-version" "^7.0.2"
    "@uifabric/styling" "^7.6.2"
    tslib "^1.7.1"

"@uifabric/merge-styles@^7.5.1":
  version "7.5.1"
  resolved "https://registry.yarnpkg.com/@uifabric/merge-styles/-/merge-styles-7.5.1.tgz#7ff625eba56e2d4b57e31694f0f410e56500667d"
  integrity sha512-uhgTryb8YCbnd8Q/o6H644QMqUX/nhGAK7IGgv8G1lLwUY0zMuBBFTSXa6+oGMgsLZxNQupdhkyJ5GzgDhg5Pw==
  dependencies:
    "@uifabric/set-version" "^7.0.2"
    tslib "^1.7.1"

"@uifabric/set-version@^7.0.2":
  version "7.0.2"
  resolved "https://registry.yarnpkg.com/@uifabric/set-version/-/set-version-7.0.2.tgz#9e2aede95e5cad58151e6ab0f94cc6efaef68c13"
  integrity sha512-3mQp7gqPOqphwX74j+N/lJEFeivKPv8ryY9QFXUxVPnrXNwpIkDW9Wk6CPqArzgGvQngRRKYD/PcyP5iuHN52A==
  dependencies:
    tslib "^1.7.1"

"@uifabric/styling@^7.6.2":
  version "7.6.2"
  resolved "https://registry.yarnpkg.com/@uifabric/styling/-/styling-7.6.2.tgz#b9aa18715558473cb789bb4dbfb96c2465652f9c"
  integrity sha512-2l4N8dpHk4kHj+EKRuLrguLJcgwrXWsn3W5cbP34C9q6xrN8ShmZE3ce8TBzT1kLPtjkrUpiJXtV5qqfc/uNXg==
  dependencies:
    "@microsoft/load-themed-styles" "^1.7.13"
    "@uifabric/merge-styles" "^7.5.1"
    "@uifabric/set-version" "^7.0.2"
    "@uifabric/utilities" "^7.0.9"
    tslib "^1.7.1"

"@uifabric/utilities@^7.0.9":
  version "7.0.9"
  resolved "https://registry.yarnpkg.com/@uifabric/utilities/-/utilities-7.0.9.tgz#10b0a30170e4eb3fe7e80c3fc7877d5cf0bd5c20"
  integrity sha512-Q5lzCJ/KiDchhVysbI4xXiYjRiw3EQymvCXTKnmkXUo5hWRnsVPEhlWHZAXynu4gS303ZlV73bxtcQHWl80Z5Q==
  dependencies:
    "@uifabric/merge-styles" "^7.5.1"
    "@uifabric/set-version" "^7.0.2"
    prop-types "^15.5.10"
    tslib "^1.7.1"

"js-tokens@^3.0.0 || ^4.0.0":
  version "4.0.0"
  resolved "https://registry.yarnpkg.com/js-tokens/-/js-tokens-4.0.0.tgz#19203fb59991df98e3a287050d4647cdeaf32499"
  integrity sha512-RdJUflcE3cUzKiMqQgsCu06FPu9UdIJO0beYbPhHN4k6apgJtifcoCtT9bcxOpYBtpD2kCM6Sbzg4CausW/PKQ==

loose-envify@^1.4.0:
  version "1.4.0"
  resolved "https://registry.yarnpkg.com/loose-envify/-/loose-envify-1.4.0.tgz#71ee51fa7be4caec1a63839f7e682d8132d30caf"
  integrity sha512-lyuxPGr/Wfhrlem2CL/UcnUc1zcqKAImBDzukY7Y5F/yQiNdko6+fRLevlw1HgMySw7f611UIY408EtxRSoK3Q==
  dependencies:
    js-tokens "^3.0.0 || ^4.0.0"

object-assign@^4.1.1:
  version "4.1.1"
  resolved "https://registry.yarnpkg.com/object-assign/-/object-assign-4.1.1.tgz#2109adc7965887cfc05cbbd442cac8bfbb360863"
  integrity sha1-IQmtx5ZYh8/AXLvUQsrIv7s2CGM=

office-ui-fabric-react@^7.31.0:
  version "7.31.0"
  resolved "https://registry.yarnpkg.com/office-ui-fabric-react/-/office-ui-fabric-react-7.31.0.tgz#83d9202c57525506a12bc3c4da6d531a67358f34"
  integrity sha512-QY0kD8WxOJukX9foxW8vHj35RFbOIf07/s0KCU3xeAoPm3CBsPFdPbRPk9BbmZJb30k3naoJwVGzislEBOpDrg==
  dependencies:
    "@microsoft/load-themed-styles" "^1.7.13"
    "@uifabric/example-data" "^7.0.1"
    "@uifabric/foundation" "^7.3.1"
    "@uifabric/icons" "^7.2.0"
    "@uifabric/merge-styles" "^7.5.1"
    "@uifabric/set-version" "^7.0.2"
    "@uifabric/styling" "^7.6.2"
    "@uifabric/utilities" "^7.0.9"
    prop-types "^15.5.10"
    tslib "^1.7.1"

prop-types@^15.5.10:
  version "15.7.2"
  resolved "https://registry.yarnpkg.com/prop-types/-/prop-types-15.7.2.tgz#52c41e75b8c87e72b9d9360e0206b99dcbffa6c5"
  integrity sha512-8QQikdH7//R2vurIJSutZ1smHYTcLpRWEOlHnzcWHmBYrOGUysKwSsrC89BCiFj3CbrfJ/nXFdJepOVrY1GCHQ==
  dependencies:
    loose-envify "^1.4.0"
    object-assign "^4.1.1"
    react-is "^16.8.1"

react-is@^16.8.1:
  version "16.9.0"
  resolved "https://registry.yarnpkg.com/react-is/-/react-is-16.9.0.tgz#21ca9561399aad0ff1a7701c01683e8ca981edcb"
  integrity sha512-tJBzzzIgnnRfEm046qRcURvwQnZVXmuCbscxUO5RWrGTXpon2d4c8mI0D8WE6ydVIm29JiLB6+RslkIvym9Rjw==

tslib@^1.7.1:
  version "1.10.0"
  resolved "https://registry.yarnpkg.com/tslib/-/tslib-1.10.0.tgz#c3c19f95973fb0a62973fb09d90d961ee43e5c8a"
  integrity sha512-qOebF53frne81cf0S9B41ByenJ3/IuH8yJKngAX35CmiZySA0khhkovshKK+jGCaMnVomla7gVlIcc3EvKPbTQ==
